<?xml version="1.0" encoding="UTF-8"?>
<Project ToolsVersion="4.0" xmlns="http://schemas.microsoft.com/developer/msbuild/2003">
  <ItemGroup>
    <ClCompile Include="Z:\work\audio-module\base\bitbuffer.cc">
      <Filter>Source Files</Filter>
    </ClCompile>
    <ClCompile Include="Z:\work\audio-module\base\buffer.cc">
      <Filter>Source Files</Filter>
    </ClCompile>
    <ClCompile Include="Z:\work\audio-module\base\bufferqueue.cc">
      <Filter>Source Files</Filter>
    </ClCompile>
    <ClCompile Include="Z:\work\audio-module\base\bytebuffer.cc">
      <Filter>Source Files</Filter>
    </ClCompile>
    <ClCompile Include="Z:\work\audio-module\base\checks.cc">
      <Filter>Source Files</Filter>
    </ClCompile>
    <ClCompile Include="Z:\work\audio-module\base\criticalsection.cc">
      <Filter>Source Files</Filter>
    </ClCompile>
    <ClCompile Include="Z:\work\audio-module\base\event.cc">
      <Filter>Source Files</Filter>
    </ClCompile>
    <ClCompile Include="Z:\work\audio-module\base\event_tracer.cc">
      <Filter>Source Files</Filter>
    </ClCompile>
    <ClCompile Include="Z:\work\audio-module\base\exp_filter.cc">
      <Filter>Source Files</Filter>
    </ClCompile>
    <ClCompile Include="Z:\work\audio-module\base\md5.cc">
      <Filter>Source Files</Filter>
    </ClCompile>
    <ClCompile Include="Z:\work\audio-module\base\md5digest.cc">
      <Filter>Source Files</Filter>
    </ClCompile>
    <ClCompile Include="Z:\work\audio-module\base\platform_file.cc">
      <Filter>Source Files</Filter>
    </ClCompile>
    <ClCompile Include="Z:\work\audio-module\base\platform_thread.cc">
      <Filter>Source Files</Filter>
    </ClCompile>
    <ClCompile Include="Z:\work\audio-module\base\stringencode.cc">
      <Filter>Source Files</Filter>
    </ClCompile>
    <ClCompile Include="Z:\work\audio-module\base\stringutils.cc">
      <Filter>Source Files</Filter>
    </ClCompile>
    <ClCompile Include="Z:\work\audio-module\base\systeminfo.cc">
      <Filter>Source Files</Filter>
    </ClCompile>
    <ClCompile Include="Z:\work\audio-module\base\thread_checker_impl.cc">
      <Filter>Source Files</Filter>
    </ClCompile>
    <ClCompile Include="Z:\work\audio-module\base\timeutils.cc">
      <Filter>Source Files</Filter>
    </ClCompile>
    <ClCompile Include="Z:\work\audio-module\base\logging.cc">
      <Filter>Source Files</Filter>
    </ClCompile>
    <ClCompile Include="Z:\work\audio-module\base\asyncfile.cc">
      <Filter>Source Files</Filter>
    </ClCompile>
    <ClCompile Include="Z:\work\audio-module\base\asyncinvoker.cc">
      <Filter>Source Files</Filter>
    </ClCompile>
    <ClCompile Include="Z:\work\audio-module\base\asyncpacketsocket.cc">
      <Filter>Source Files</Filter>
    </ClCompile>
    <ClCompile Include="Z:\work\audio-module\base\asyncresolverinterface.cc">
      <Filter>Source Files</Filter>
    </ClCompile>
    <ClCompile Include="Z:\work\audio-module\base\asyncsocket.cc">
      <Filter>Source Files</Filter>
    </ClCompile>
    <ClCompile Include="Z:\work\audio-module\base\asynctcpsocket.cc">
      <Filter>Source Files</Filter>
    </ClCompile>
    <ClCompile Include="Z:\work\audio-module\base\asyncudpsocket.cc">
      <Filter>Source Files</Filter>
    </ClCompile>
    <ClCompile Include="Z:\work\audio-module\base\autodetectproxy.cc">
      <Filter>Source Files</Filter>
    </ClCompile>
    <ClCompile Include="Z:\work\audio-module\base\base64.cc">
      <Filter>Source Files</Filter>
    </ClCompile>
    <ClCompile Include="Z:\work\audio-module\base\common.cc">
      <Filter>Source Files</Filter>
    </ClCompile>
    <ClCompile Include="Z:\work\audio-module\base\crc32.cc">
      <Filter>Source Files</Filter>
    </ClCompile>
    <ClCompile Include="Z:\work\audio-module\base\cryptstring.cc">
      <Filter>Source Files</Filter>
    </ClCompile>
    <ClCompile Include="Z:\work\audio-module\base\diskcache.cc">
      <Filter>Source Files</Filter>
    </ClCompile>
    <ClCompile Include="Z:\work\audio-module\base\filerotatingstream.cc">
      <Filter>Source Files</Filter>
    </ClCompile>
    <ClCompile Include="Z:\work\audio-module\base\fileutils.cc">
      <Filter>Source Files</Filter>
    </ClCompile>
    <ClCompile Include="Z:\work\audio-module\base\firewallsocketserver.cc">
      <Filter>Source Files</Filter>
    </ClCompile>
    <ClCompile Include="Z:\work\audio-module\base\flags.cc">
      <Filter>Source Files</Filter>
    </ClCompile>
    <ClCompile Include="Z:\work\audio-module\base\helpers.cc">
      <Filter>Source Files</Filter>
    </ClCompile>
    <ClCompile Include="Z:\work\audio-module\base\httpbase.cc">
      <Filter>Source Files</Filter>
    </ClCompile>
    <ClCompile Include="Z:\work\audio-module\base\httpclient.cc">
      <Filter>Source Files</Filter>
    </ClCompile>
    <ClCompile Include="Z:\work\audio-module\base\httpcommon.cc">
      <Filter>Source Files</Filter>
    </ClCompile>
    <ClCompile Include="Z:\work\audio-module\base\httprequest.cc">
      <Filter>Source Files</Filter>
    </ClCompile>
    <ClCompile Include="Z:\work\audio-module\base\iosfilesystem.mm">
      <Filter>Source Files</Filter>
    </ClCompile>
    <ClCompile Include="Z:\work\audio-module\base\ipaddress.cc">
      <Filter>Source Files</Filter>
    </ClCompile>
    <ClCompile Include="Z:\work\audio-module\base\messagedigest.cc">
      <Filter>Source Files</Filter>
    </ClCompile>
    <ClCompile Include="Z:\work\audio-module\base\messagehandler.cc">
      <Filter>Source Files</Filter>
    </ClCompile>
    <ClCompile Include="Z:\work\audio-module\base\messagequeue.cc">
      <Filter>Source Files</Filter>
    </ClCompile>
    <ClCompile Include="Z:\work\audio-module\base\nethelpers.cc">
      <Filter>Source Files</Filter>
    </ClCompile>
    <ClCompile Include="Z:\work\audio-module\base\network.cc">
      <Filter>Source Files</Filter>
    </ClCompile>
    <ClCompile Include="Z:\work\audio-module\base\pathutils.cc">
      <Filter>Source Files</Filter>
    </ClCompile>
    <ClCompile Include="Z:\work\audio-module\base\physicalsocketserver.cc">
      <Filter>Source Files</Filter>
    </ClCompile>
    <ClCompile Include="Z:\work\audio-module\base\proxydetect.cc">
      <Filter>Source Files</Filter>
    </ClCompile>
    <ClCompile Include="Z:\work\audio-module\base\proxyinfo.cc">
      <Filter>Source Files</Filter>
    </ClCompile>
    <ClCompile Include="Z:\work\audio-module\base\ratelimiter.cc">
      <Filter>Source Files</Filter>
    </ClCompile>
    <ClCompile Include="Z:\work\audio-module\base\ratetracker.cc">
      <Filter>Source Files</Filter>
    </ClCompile>
    <ClCompile Include="Z:\work\audio-module\base\rtccertificate.cc">
      <Filter>Source Files</Filter>
    </ClCompile>
    <ClCompile Include="Z:\work\audio-module\base\scoped_autorelease_pool.mm">
      <Filter>Source Files</Filter>
    </ClCompile>
    <ClCompile Include="Z:\work\audio-module\base\sha1.cc">
      <Filter>Source Files</Filter>
    </ClCompile>
    <ClCompile Include="Z:\work\audio-module\base\sha1digest.cc">
      <Filter>Source Files</Filter>
    </ClCompile>
    <ClCompile Include="Z:\work\audio-module\base\signalthread.cc">
      <Filter>Source Files</Filter>
    </ClCompile>
    <ClCompile Include="Z:\work\audio-module\base\sigslot.cc">
      <Filter>Source Files</Filter>
    </ClCompile>
    <ClCompile Include="Z:\work\audio-module\base\socketadapters.cc">
      <Filter>Source Files</Filter>
    </ClCompile>
    <ClCompile Include="Z:\work\audio-module\base\socketaddress.cc">
      <Filter>Source Files</Filter>
    </ClCompile>
    <ClCompile Include="Z:\work\audio-module\base\socketaddresspair.cc">
      <Filter>Source Files</Filter>
    </ClCompile>
    <ClCompile Include="Z:\work\audio-module\base\socketpool.cc">
      <Filter>Source Files</Filter>
    </ClCompile>
    <ClCompile Include="Z:\work\audio-module\base\socketstream.cc">
      <Filter>Source Files</Filter>
    </ClCompile>
    <ClCompile Include="Z:\work\audio-module\base\ssladapter.cc">
      <Filter>Source Files</Filter>
    </ClCompile>
    <ClCompile Include="Z:\work\audio-module\base\sslfingerprint.cc">
      <Filter>Source Files</Filter>
    </ClCompile>
    <ClCompile Include="Z:\work\audio-module\base\sslidentity.cc">
      <Filter>Source Files</Filter>
    </ClCompile>
    <ClCompile Include="Z:\work\audio-module\base\sslsocketfactory.cc">
      <Filter>Source Files</Filter>
    </ClCompile>
    <ClCompile Include="Z:\work\audio-module\base\sslstreamadapter.cc">
      <Filter>Source Files</Filter>
    </ClCompile>
    <ClCompile Include="Z:\work\audio-module\base\sslstreamadapterhelper.cc">
      <Filter>Source Files</Filter>
    </ClCompile>
    <ClCompile Include="Z:\work\audio-module\base\stream.cc">
      <Filter>Source Files</Filter>
    </ClCompile>
    <ClCompile Include="Z:\work\audio-module\base\task.cc">
      <Filter>Source Files</Filter>
    </ClCompile>
    <ClCompile Include="Z:\work\audio-module\base\taskparent.cc">
      <Filter>Source Files</Filter>
    </ClCompile>
    <ClCompile Include="Z:\work\audio-module\base\taskrunner.cc">
      <Filter>Source Files</Filter>
    </ClCompile>
    <ClCompile Include="Z:\work\audio-module\base\thread.cc">
      <Filter>Source Files</Filter>
    </ClCompile>
    <ClCompile Include="Z:\work\audio-module\base\timing.cc">
      <Filter>Source Files</Filter>
    </ClCompile>
    <ClCompile Include="Z:\work\audio-module\base\urlencode.cc">
      <Filter>Source Files</Filter>
    </ClCompile>
    <ClCompile Include="Z:\work\audio-module\base\worker.cc">
      <Filter>Source Files</Filter>
    </ClCompile>
    <ClCompile Include="Z:\work\audio-module\base\unixfilesystem.cc">
      <Filter>Source Files</Filter>
    </ClCompile>
    <ClCompile Include="Z:\work\audio-module\base\bandwidthsmoother.cc">
      <Filter>Source Files</Filter>
    </ClCompile>
    <ClCompile Include="Z:\work\audio-module\base\httpserver.cc">
      <Filter>Source Files</Filter>
    </ClCompile>
    <ClCompile Include="Z:\work\audio-module\base\json.cc">
      <Filter>Source Files</Filter>
    </ClCompile>
    <ClCompile Include="Z:\work\audio-module\base\logsinks.cc">
      <Filter>Source Files</Filter>
    </ClCompile>
    <ClCompile Include="Z:\work\audio-module\base\multipart.cc">
      <Filter>Source Files</Filter>
    </ClCompile>
    <ClCompile Include="Z:\work\audio-module\base\natserver.cc">
      <Filter>Source Files</Filter>
    </ClCompile>
    <ClCompile Include="Z:\work\audio-module\base\natsocketfactory.cc">
      <Filter>Source Files</Filter>
    </ClCompile>
    <ClCompile Include="Z:\work\audio-module\base\nattypes.cc">
      <Filter>Source Files</Filter>
    </ClCompile>
    <ClCompile Include="Z:\work\audio-module\base\optionsfile.cc">
      <Filter>Source Files</Filter>
    </ClCompile>
    <ClCompile Include="Z:\work\audio-module\base\profiler.cc">
      <Filter>Source Files</Filter>
    </ClCompile>
    <ClCompile Include="Z:\work\audio-module\base\proxyserver.cc">
      <Filter>Source Files</Filter>
    </ClCompile>
    <ClCompile Include="Z:\work\audio-module\base\sharedexclusivelock.cc">
      <Filter>Source Files</Filter>
    </ClCompile>
    <ClCompile Include="Z:\work\audio-module\base\testclient.cc">
      <Filter>Source Files</Filter>
    </ClCompile>
    <ClCompile Include="Z:\work\audio-module\base\transformadapter.cc">
      <Filter>Source Files</Filter>
    </ClCompile>
    <ClCompile Include="Z:\work\audio-module\base\versionparsing.cc">
      <Filter>Source Files</Filter>
    </ClCompile>
    <ClCompile Include="Z:\work\audio-module\base\virtualsocketserver.cc">
      <Filter>Source Files</Filter>
    </ClCompile>
    <ClCompile Include="Z:\work\audio-module\base\latebindingsymboltable.cc">
      <Filter>Source Files</Filter>
    </ClCompile>
    <ClCompile Include="Z:\work\audio-module\base\posix.cc">
      <Filter>Source Files</Filter>
    </ClCompile>
    <ClCompile Include="Z:\work\audio-module\base\maccocoathreadhelper.mm">
      <Filter>Source Files</Filter>
    </ClCompile>
    <ClCompile Include="Z:\work\audio-module\base\macconversion.cc">
      <Filter>Source Files</Filter>
    </ClCompile>
    <ClCompile Include="Z:\work\audio-module\base\macutils.cc">
      <Filter>Source Files</Filter>
    </ClCompile>
  </ItemGroup>
  <ItemGroup>
    <ClInclude Include="Z:\work\audio-module\base\atomicops.h">
      <Filter>Header Files</Filter>
    </ClInclude>
    <ClInclude Include="Z:\work\audio-module\base\bitbuffer.h">
      <Filter>Header Files</Filter>
    </ClInclude>
    <ClInclude Include="Z:\work\audio-module\base\buffer.h">
      <Filter>Header Files</Filter>
    </ClInclude>
    <ClInclude Include="Z:\work\audio-module\base\bufferqueue.h">
      <Filter>Header Files</Filter>
    </ClInclude>
    <ClInclude Include="Z:\work\audio-module\base\bytebuffer.h">
      <Filter>Header Files</Filter>
    </ClInclude>
    <ClInclude Include="Z:\work\audio-module\base\byteorder.h">
      <Filter>Header Files</Filter>
    </ClInclude>
    <ClInclude Include="Z:\work\audio-module\base\checks.h">
      <Filter>Header Files</Filter>
    </ClInclude>
    <ClInclude Include="Z:\work\audio-module\base\criticalsection.h">
      <Filter>Header Files</Filter>
    </ClInclude>
    <ClInclude Include="Z:\work\audio-module\base\event.h">
      <Filter>Header Files</Filter>
    </ClInclude>
    <ClInclude Include="Z:\work\audio-module\base\event_tracer.h">
      <Filter>Header Files</Filter>
    </ClInclude>
    <ClInclude Include="Z:\work\audio-module\base\exp_filter.h">
      <Filter>Header Files</Filter>
    </ClInclude>
    <ClInclude Include="Z:\work\audio-module\base\md5.h">
      <Filter>Header Files</Filter>
    </ClInclude>
    <ClInclude Include="Z:\work\audio-module\base\md5digest.h">
      <Filter>Header Files</Filter>
    </ClInclude>
    <ClInclude Include="Z:\work\audio-module\base\platform_file.h">
      <Filter>Header Files</Filter>
    </ClInclude>
    <ClInclude Include="Z:\work\audio-module\base\platform_thread.h">
      <Filter>Header Files</Filter>
    </ClInclude>
    <ClInclude Include="Z:\work\audio-module\base\safe_conversions.h">
      <Filter>Header Files</Filter>
    </ClInclude>
    <ClInclude Include="Z:\work\audio-module\base\safe_conversions_impl.h">
      <Filter>Header Files</Filter>
    </ClInclude>
    <ClInclude Include="Z:\work\audio-module\base\scoped_ptr.h">
      <Filter>Header Files</Filter>
    </ClInclude>
    <ClInclude Include="Z:\work\audio-module\base\stringencode.h">
      <Filter>Header Files</Filter>
    </ClInclude>
    <ClInclude Include="Z:\work\audio-module\base\stringutils.h">
      <Filter>Header Files</Filter>
    </ClInclude>
    <ClInclude Include="Z:\work\audio-module\base\systeminfo.h">
      <Filter>Header Files</Filter>
    </ClInclude>
    <ClInclude Include="Z:\work\audio-module\base\template_util.h">
      <Filter>Header Files</Filter>
    </ClInclude>
    <ClInclude Include="Z:\work\audio-module\base\thread_annotations.h">
      <Filter>Header Files</Filter>
    </ClInclude>
    <ClInclude Include="Z:\work\audio-module\base\thread_checker.h">
      <Filter>Header Files</Filter>
    </ClInclude>
    <ClInclude Include="Z:\work\audio-module\base\thread_checker_impl.h">
      <Filter>Header Files</Filter>
    </ClInclude>
    <ClInclude Include="Z:\work\audio-module\base\timeutils.h">
      <Filter>Header Files</Filter>
    </ClInclude>
    <ClInclude Include="Z:\work\audio-module\base\trace_event.h">
      <Filter>Header Files</Filter>
    </ClInclude>
    <ClInclude Include="Z:\work\audio-module\base\basictypes.h">
      <Filter>Header Files</Filter>
    </ClInclude>
    <ClInclude Include="Z:\work\audio-module\base\constructormagic.h">
      <Filter>Header Files</Filter>
    </ClInclude>
    <ClInclude Include="Z:\work\audio-module\base\logging.h">
      <Filter>Header Files</Filter>
    </ClInclude>
    <ClInclude Include="Z:\work\audio-module\base\arraysize.h">
      <Filter>Header Files</Filter>
    </ClInclude>
    <ClInclude Include="Z:\work\audio-module\base\asyncfile.h">
      <Filter>Header Files</Filter>
    </ClInclude>
    <ClInclude Include="Z:\work\audio-module\base\asyncinvoker-inl.h">
      <Filter>Header Files</Filter>
    </ClInclude>
    <ClInclude Include="Z:\work\audio-module\base\asyncinvoker.h">
      <Filter>Header Files</Filter>
    </ClInclude>
    <ClInclude Include="Z:\work\audio-module\base\asyncpacketsocket.h">
      <Filter>Header Files</Filter>
    </ClInclude>
    <ClInclude Include="Z:\work\audio-module\base\asyncresolverinterface.h">
      <Filter>Header Files</Filter>
    </ClInclude>
    <ClInclude Include="Z:\work\audio-module\base\asyncsocket.h">
      <Filter>Header Files</Filter>
    </ClInclude>
    <ClInclude Include="Z:\work\audio-module\base\asynctcpsocket.h">
      <Filter>Header Files</Filter>
    </ClInclude>
    <ClInclude Include="Z:\work\audio-module\base\asyncudpsocket.h">
      <Filter>Header Files</Filter>
    </ClInclude>
    <ClInclude Include="Z:\work\audio-module\base\autodetectproxy.h">
      <Filter>Header Files</Filter>
    </ClInclude>
    <ClInclude Include="Z:\work\audio-module\base\base64.h">
      <Filter>Header Files</Filter>
    </ClInclude>
    <ClInclude Include="Z:\work\audio-module\base\basicdefs.h">
      <Filter>Header Files</Filter>
    </ClInclude>
    <ClInclude Include="Z:\work\audio-module\base\common.h">
      <Filter>Header Files</Filter>
    </ClInclude>
    <ClInclude Include="Z:\work\audio-module\base\crc32.h">
      <Filter>Header Files</Filter>
    </ClInclude>
    <ClInclude Include="Z:\work\audio-module\base\cryptstring.h">
      <Filter>Header Files</Filter>
    </ClInclude>
    <ClInclude Include="Z:\work\audio-module\base\diskcache.h">
      <Filter>Header Files</Filter>
    </ClInclude>
    <ClInclude Include="Z:\work\audio-module\base\filerotatingstream.h">
      <Filter>Header Files</Filter>
    </ClInclude>
    <ClInclude Include="Z:\work\audio-module\base\fileutils.h">
      <Filter>Header Files</Filter>
    </ClInclude>
    <ClInclude Include="Z:\work\audio-module\base\firewallsocketserver.h">
      <Filter>Header Files</Filter>
    </ClInclude>
    <ClInclude Include="Z:\work\audio-module\base\flags.h">
      <Filter>Header Files</Filter>
    </ClInclude>
    <ClInclude Include="Z:\work\audio-module\base\format_macros.h">
      <Filter>Header Files</Filter>
    </ClInclude>
    <ClInclude Include="Z:\work\audio-module\base\gunit_prod.h">
      <Filter>Header Files</Filter>
    </ClInclude>
    <ClInclude Include="Z:\work\audio-module\base\helpers.h">
      <Filter>Header Files</Filter>
    </ClInclude>
    <ClInclude Include="Z:\work\audio-module\base\httpbase.h">
      <Filter>Header Files</Filter>
    </ClInclude>
    <ClInclude Include="Z:\work\audio-module\base\httpclient.h">
      <Filter>Header Files</Filter>
    </ClInclude>
    <ClInclude Include="Z:\work\audio-module\base\httpcommon-inl.h">
      <Filter>Header Files</Filter>
    </ClInclude>
    <ClInclude Include="Z:\work\audio-module\base\httpcommon.h">
      <Filter>Header Files</Filter>
    </ClInclude>
    <ClInclude Include="Z:\work\audio-module\base\httprequest.h">
      <Filter>Header Files</Filter>
    </ClInclude>
    <ClInclude Include="Z:\work\audio-module\base\ipaddress.h">
      <Filter>Header Files</Filter>
    </ClInclude>
    <ClInclude Include="Z:\work\audio-module\base\linked_ptr.h">
      <Filter>Header Files</Filter>
    </ClInclude>
    <ClInclude Include="Z:\work\audio-module\base\mathutils.h">
      <Filter>Header Files</Filter>
    </ClInclude>
    <ClInclude Include="Z:\work\audio-module\base\messagedigest.h">
      <Filter>Header Files</Filter>
    </ClInclude>
    <ClInclude Include="Z:\work\audio-module\base\messagehandler.h">
      <Filter>Header Files</Filter>
    </ClInclude>
    <ClInclude Include="Z:\work\audio-module\base\messagequeue.h">
      <Filter>Header Files</Filter>
    </ClInclude>
    <ClInclude Include="Z:\work\audio-module\base\nethelpers.h">
      <Filter>Header Files</Filter>
    </ClInclude>
    <ClInclude Include="Z:\work\audio-module\base\network.h">
      <Filter>Header Files</Filter>
    </ClInclude>
    <ClInclude Include="Z:\work\audio-module\base\nullsocketserver.h">
      <Filter>Header Files</Filter>
    </ClInclude>
    <ClInclude Include="Z:\work\audio-module\base\pathutils.h">
      <Filter>Header Files</Filter>
    </ClInclude>
    <ClInclude Include="Z:\work\audio-module\base\physicalsocketserver.h">
      <Filter>Header Files</Filter>
    </ClInclude>
    <ClInclude Include="Z:\work\audio-module\base\proxydetect.h">
      <Filter>Header Files</Filter>
    </ClInclude>
    <ClInclude Include="Z:\work\audio-module\base\proxyinfo.h">
      <Filter>Header Files</Filter>
    </ClInclude>
    <ClInclude Include="Z:\work\audio-module\base\ratelimiter.h">
      <Filter>Header Files</Filter>
    </ClInclude>
    <ClInclude Include="Z:\work\audio-module\base\ratetracker.h">
      <Filter>Header Files</Filter>
    </ClInclude>
    <ClInclude Include="Z:\work\audio-module\base\rtccertificate.h">
      <Filter>Header Files</Filter>
    </ClInclude>
    <ClInclude Include="Z:\work\audio-module\base\scoped_autorelease_pool.h">
      <Filter>Header Files</Filter>
    </ClInclude>
    <ClInclude Include="Z:\work\audio-module\base\sha1.h">
      <Filter>Header Files</Filter>
    </ClInclude>
    <ClInclude Include="Z:\work\audio-module\base\sha1digest.h">
      <Filter>Header Files</Filter>
    </ClInclude>
    <ClInclude Include="Z:\work\audio-module\base\signalthread.h">
      <Filter>Header Files</Filter>
    </ClInclude>
    <ClInclude Include="Z:\work\audio-module\base\sigslot.h">
      <Filter>Header Files</Filter>
    </ClInclude>
    <ClInclude Include="Z:\work\audio-module\base\sigslotrepeater.h">
      <Filter>Header Files</Filter>
    </ClInclude>
    <ClInclude Include="Z:\work\audio-module\base\socket.h">
      <Filter>Header Files</Filter>
    </ClInclude>
    <ClInclude Include="Z:\work\audio-module\base\socketadapters.h">
      <Filter>Header Files</Filter>
    </ClInclude>
    <ClInclude Include="Z:\work\audio-module\base\socketaddress.h">
      <Filter>Header Files</Filter>
    </ClInclude>
    <ClInclude Include="Z:\work\audio-module\base\socketaddresspair.h">
      <Filter>Header Files</Filter>
    </ClInclude>
    <ClInclude Include="Z:\work\audio-module\base\socketfactory.h">
      <Filter>Header Files</Filter>
    </ClInclude>
    <ClInclude Include="Z:\work\audio-module\base\socketpool.h">
      <Filter>Header Files</Filter>
    </ClInclude>
    <ClInclude Include="Z:\work\audio-module\base\socketserver.h">
      <Filter>Header Files</Filter>
    </ClInclude>
    <ClInclude Include="Z:\work\audio-module\base\socketstream.h">
      <Filter>Header Files</Filter>
    </ClInclude>
    <ClInclude Include="Z:\work\audio-module\base\ssladapter.h">
      <Filter>Header Files</Filter>
    </ClInclude>
    <ClInclude Include="Z:\work\audio-module\base\sslfingerprint.h">
      <Filter>Header Files</Filter>
    </ClInclude>
    <ClInclude Include="Z:\work\audio-module\base\sslidentity.h">
      <Filter>Header Files</Filter>
    </ClInclude>
    <ClInclude Include="Z:\work\audio-module\base\sslsocketfactory.h">
      <Filter>Header Files</Filter>
    </ClInclude>
    <ClInclude Include="Z:\work\audio-module\base\sslstreamadapter.h">
      <Filter>Header Files</Filter>
    </ClInclude>
    <ClInclude Include="Z:\work\audio-module\base\sslstreamadapterhelper.h">
      <Filter>Header Files</Filter>
    </ClInclude>
    <ClInclude Include="Z:\work\audio-module\base\stream.h">
      <Filter>Header Files</Filter>
    </ClInclude>
    <ClInclude Include="Z:\work\audio-module\base\task.h">
      <Filter>Header Files</Filter>
    </ClInclude>
    <ClInclude Include="Z:\work\audio-module\base\taskparent.h">
      <Filter>Header Files</Filter>
    </ClInclude>
    <ClInclude Include="Z:\work\audio-module\base\taskrunner.h">
      <Filter>Header Files</Filter>
    </ClInclude>
    <ClInclude Include="Z:\work\audio-module\base\thread.h">
      <Filter>Header Files</Filter>
    </ClInclude>
    <ClInclude Include="Z:\work\audio-module\base\timing.h">
      <Filter>Header Files</Filter>
    </ClInclude>
    <ClInclude Include="Z:\work\audio-module\base\urlencode.h">
      <Filter>Header Files</Filter>
    </ClInclude>
    <ClInclude Include="Z:\work\audio-module\base\worker.h">
      <Filter>Header Files</Filter>
    </ClInclude>
    <ClInclude Include="Z:\work\audio-module\base\unixfilesystem.h">
      <Filter>Header Files</Filter>
    </ClInclude>
    <ClInclude Include="Z:\work\audio-module\base\bandwidthsmoother.h">
      <Filter>Header Files</Filter>
    </ClInclude>
    <ClInclude Include="Z:\work\audio-module\base\bind.h">
      <Filter>Header Files</Filter>
    </ClInclude>
    <ClInclude Include="Z:\work\audio-module\base\callback.h">
      <Filter>Header Files</Filter>
    </ClInclude>
    <ClInclude Include="Z:\work\audio-module\base\fileutils_mock.h">
      <Filter>Header Files</Filter>
    </ClInclude>
    <ClInclude Include="Z:\work\audio-module\base\httpserver.h">
      <Filter>Header Files</Filter>
    </ClInclude>
    <ClInclude Include="Z:\work\audio-module\base\json.h">
      <Filter>Header Files</Filter>
    </ClInclude>
    <ClInclude Include="Z:\work\audio-module\base\logsinks.h">
      <Filter>Header Files</Filter>
    </ClInclude>
    <ClInclude Include="Z:\work\audio-module\base\multipart.h">
      <Filter>Header Files</Filter>
    </ClInclude>
    <ClInclude Include="Z:\work\audio-module\base\natserver.h">
      <Filter>Header Files</Filter>
    </ClInclude>
    <ClInclude Include="Z:\work\audio-module\base\natsocketfactory.h">
      <Filter>Header Files</Filter>
    </ClInclude>
    <ClInclude Include="Z:\work\audio-module\base\nattypes.h">
      <Filter>Header Files</Filter>
    </ClInclude>
    <ClInclude Include="Z:\work\audio-module\base\optionsfile.h">
      <Filter>Header Files</Filter>
    </ClInclude>
    <ClInclude Include="Z:\work\audio-module\base\profiler.h">
      <Filter>Header Files</Filter>
    </ClInclude>
    <ClInclude Include="Z:\work\audio-module\base\proxyserver.h">
      <Filter>Header Files</Filter>
    </ClInclude>
    <ClInclude Include="Z:\work\audio-module\base\refcount.h">
      <Filter>Header Files</Filter>
    </ClInclude>
    <ClInclude Include="Z:\work\audio-module\base\referencecountedsingletonfactory.h">
      <Filter>Header Files</Filter>
    </ClInclude>
    <ClInclude Include="Z:\work\audio-module\base\rollingaccumulator.h">
      <Filter>Header Files</Filter>
    </ClInclude>
    <ClInclude Include="Z:\work\audio-module\base\scoped_ref_ptr.h">
      <Filter>Header Files</Filter>
    </ClInclude>
    <ClInclude Include="Z:\work\audio-module\base\scopedptrcollection.h">
      <Filter>Header Files</Filter>
    </ClInclude>
    <ClInclude Include="Z:\work\audio-module\base\sec_buffer.h">
      <Filter>Header Files</Filter>
    </ClInclude>
    <ClInclude Include="Z:\work\audio-module\base\sharedexclusivelock.h">
      <Filter>Header Files</Filter>
    </ClInclude>
    <ClInclude Include="Z:\work\audio-module\base\sslconfig.h">
      <Filter>Header Files</Filter>
    </ClInclude>
    <ClInclude Include="Z:\work\audio-module\base\sslroots.h">
      <Filter>Header Files</Filter>
    </ClInclude>
    <ClInclude Include="Z:\work\audio-module\base\testclient.h">
      <Filter>Header Files</Filter>
    </ClInclude>
    <ClInclude Include="Z:\work\audio-module\base\transformadapter.h">
      <Filter>Header Files</Filter>
    </ClInclude>
    <ClInclude Include="Z:\work\audio-module\base\versionparsing.h">
      <Filter>Header Files</Filter>
    </ClInclude>
    <ClInclude Include="Z:\work\audio-module\base\virtualsocketserver.h">
      <Filter>Header Files</Filter>
    </ClInclude>
    <ClInclude Include="Z:\work\audio-module\base\window.h">
      <Filter>Header Files</Filter>
    </ClInclude>
    <ClInclude Include="Z:\work\audio-module\base\windowpicker.h">
      <Filter>Header Files</Filter>
    </ClInclude>
    <ClInclude Include="Z:\work\audio-module\base\windowpickerfactory.h">
      <Filter>Header Files</Filter>
    </ClInclude>
    <ClInclude Include="Z:\work\audio-module\base\latebindingsymboltable.h">
      <Filter>Header Files</Filter>
    </ClInclude>
    <ClInclude Include="Z:\work\audio-module\base\posix.h">
      <Filter>Header Files</Filter>
    </ClInclude>
    <ClInclude Include="Z:\work\audio-module\base\maccocoathreadhelper.h">
      <Filter>Header Files</Filter>
    </ClInclude>
    <ClInclude Include="Z:\work\audio-module\base\macconversion.h">
      <Filter>Header Files</Filter>
    </ClInclude>
    <ClInclude Include="Z:\work\audio-module\base\macutils.h">
      <Filter>Header Files</Filter>
    </ClInclude>
  </ItemGroup>
  <ItemGroup>
    <CustomBuild Include="Z:\work\audio-module\base\CMakeLists.txt" />
  </ItemGroup>
  <ItemGroup>
    <None Include="Z:\work\audio-module\base\bind.h.pump" />
    <None Include="Z:\work\audio-module\base\callback.h.pump" />
  </ItemGroup>
  <ItemGroup>
    <Filter Include="Source Files">
      <UniqueIdentifier>{40164A58-12EF-444D-AABB-AD3E40CEB796}</UniqueIdentifier>
    </Filter>
    <Filter Include="Header Files">
      <UniqueIdentifier>{F3A20527-007F-49E3-A606-7BA8B0E18827}</UniqueIdentifier>
    </Filter>
  </ItemGroup>
</Project>
