Microsoft Visual Studio Solution File, Format Version 12.00
# Visual Studio 2012
Project("{8BC9CEB8-8B4A-11D0-8D11-00A0C91BC942}") = "ALL_BUILD", "ALL_BUILD.vcxproj", "{0962CEBF-1C35-4038-AB3F-EB39AC5A5489}"
	ProjectSection(ProjectDependencies) = postProject
		{A6C5CBDD-92C1-4AB6-B9C6-B8094E64354E} = {A6C5CBDD-92C1-4AB6-B9C6-B8094E64354E}
		{F36AE0B2-A53A-428A-8149-247807B2BFDF} = {F36AE0B2-A53A-428A-8149-247807B2BFDF}
		{57F80EDC-7918-4F4D-A32A-B17B92AE476C} = {57F80EDC-7918-4F4D-A32A-B17B92AE476C}
		{23B1C1F3-04B4-4CB8-B23B-B6CFA0B92796} = {23B1C1F3-04B4-4CB8-B23B-B6CFA0B92796}
		{4DD0F72E-62C6-4F05-ACA9-62843CEDF07A} = {4DD0F72E-62C6-4F05-ACA9-62843CEDF07A}
		{8FA5AB5C-1376-49CA-A5CD-A5891CAFADFC} = {8FA5AB5C-1376-49CA-A5CD-A5891CAFADFC}
		{A445BAC5-849B-4F3A-B936-00FE2C807708} = {A445BAC5-849B-4F3A-B936-00FE2C807708}
		{9748292D-BD89-49F0-971B-BBE9485FE765} = {9748292D-BD89-49F0-971B-BBE9485FE765}
		{C689D613-8A09-4C21-9BEC-91D75D7F2B98} = {C689D613-8A09-4C21-9BEC-91D75D7F2B98}
	EndProjectSection
EndProject
Project("{8BC9CEB8-8B4A-11D0-8D11-00A0C91BC942}") = "AudioCoding", "audio_coding\AudioCoding.vcxproj", "{A6C5CBDD-92C1-4AB6-B9C6-B8094E64354E}"
	ProjectSection(ProjectDependencies) = postProject
		{23B1C1F3-04B4-4CB8-B23B-B6CFA0B92796} = {23B1C1F3-04B4-4CB8-B23B-B6CFA0B92796}
		{4DD0F72E-62C6-4F05-ACA9-62843CEDF07A} = {4DD0F72E-62C6-4F05-ACA9-62843CEDF07A}
		{8FA5AB5C-1376-49CA-A5CD-A5891CAFADFC} = {8FA5AB5C-1376-49CA-A5CD-A5891CAFADFC}
		{A445BAC5-849B-4F3A-B936-00FE2C807708} = {A445BAC5-849B-4F3A-B936-00FE2C807708}
		{9748292D-BD89-49F0-971B-BBE9485FE765} = {9748292D-BD89-49F0-971B-BBE9485FE765}
	EndProjectSection
EndProject
Project("{8BC9CEB8-8B4A-11D0-8D11-00A0C91BC942}") = "AudioDevice", "audio_device\AudioDevice.vcxproj", "{F36AE0B2-A53A-428A-8149-247807B2BFDF}"
	ProjectSection(ProjectDependencies) = postProject
		{23B1C1F3-04B4-4CB8-B23B-B6CFA0B92796} = {23B1C1F3-04B4-4CB8-B23B-B6CFA0B92796}
		{4DD0F72E-62C6-4F05-ACA9-62843CEDF07A} = {4DD0F72E-62C6-4F05-ACA9-62843CEDF07A}
		{8FA5AB5C-1376-49CA-A5CD-A5891CAFADFC} = {8FA5AB5C-1376-49CA-A5CD-A5891CAFADFC}
		{A445BAC5-849B-4F3A-B936-00FE2C807708} = {A445BAC5-849B-4F3A-B936-00FE2C807708}
		{9748292D-BD89-49F0-971B-BBE9485FE765} = {9748292D-BD89-49F0-971B-BBE9485FE765}
	EndProjectSection
EndProject
Project("{8BC9CEB8-8B4A-11D0-8D11-00A0C91BC942}") = "AudioProcessing", "audio_processing\AudioProcessing.vcxproj", "{57F80EDC-7918-4F4D-A32A-B17B92AE476C}"
	ProjectSection(ProjectDependencies) = postProject
		{23B1C1F3-04B4-4CB8-B23B-B6CFA0B92796} = {23B1C1F3-04B4-4CB8-B23B-B6CFA0B92796}
		{4DD0F72E-62C6-4F05-ACA9-62843CEDF07A} = {4DD0F72E-62C6-4F05-ACA9-62843CEDF07A}
		{8FA5AB5C-1376-49CA-A5CD-A5891CAFADFC} = {8FA5AB5C-1376-49CA-A5CD-A5891CAFADFC}
		{A445BAC5-849B-4F3A-B936-00FE2C807708} = {A445BAC5-849B-4F3A-B936-00FE2C807708}
		{9748292D-BD89-49F0-971B-BBE9485FE765} = {9748292D-BD89-49F0-971B-BBE9485FE765}
	EndProjectSection
EndProject
Project("{8BC9CEB8-8B4A-11D0-8D11-00A0C91BC942}") = "BASE", "base\BASE.vcxproj", "{23B1C1F3-04B4-4CB8-B23B-B6CFA0B92796}"
	ProjectSection(ProjectDependencies) = postProject
		{9748292D-BD89-49F0-971B-BBE9485FE765} = {9748292D-BD89-49F0-971B-BBE9485FE765}
	EndProjectSection
EndProject
Project("{8BC9CEB8-8B4A-11D0-8D11-00A0C91BC942}") = "COMMON", "COMMON.vcxproj", "{4DD0F72E-62C6-4F05-ACA9-62843CEDF07A}"
	ProjectSection(ProjectDependencies) = postProject
		{9748292D-BD89-49F0-971B-BBE9485FE765} = {9748292D-BD89-49F0-971B-BBE9485FE765}
	EndProjectSection
EndProject
Project("{8BC9CEB8-8B4A-11D0-8D11-00A0C91BC942}") = "CommonAudio", "common_audio\CommonAudio.vcxproj", "{8FA5AB5C-1376-49CA-A5CD-A5891CAFADFC}"
	ProjectSection(ProjectDependencies) = postProject
		{23B1C1F3-04B4-4CB8-B23B-B6CFA0B92796} = {23B1C1F3-04B4-4CB8-B23B-B6CFA0B92796}
		{4DD0F72E-62C6-4F05-ACA9-62843CEDF07A} = {4DD0F72E-62C6-4F05-ACA9-62843CEDF07A}
		{A445BAC5-849B-4F3A-B936-00FE2C807708} = {A445BAC5-849B-4F3A-B936-00FE2C807708}
		{9748292D-BD89-49F0-971B-BBE9485FE765} = {9748292D-BD89-49F0-971B-BBE9485FE765}
	EndProjectSection
EndProject
Project("{8BC9CEB8-8B4A-11D0-8D11-00A0C91BC942}") = "SystemWrapper", "system_wrappers\SystemWrapper.vcxproj", "{A445BAC5-849B-4F3A-B936-00FE2C807708}"
	ProjectSection(ProjectDependencies) = postProject
		{23B1C1F3-04B4-4CB8-B23B-B6CFA0B92796} = {23B1C1F3-04B4-4CB8-B23B-B6CFA0B92796}
		{4DD0F72E-62C6-4F05-ACA9-62843CEDF07A} = {4DD0F72E-62C6-4F05-ACA9-62843CEDF07A}
		{9748292D-BD89-49F0-971B-BBE9485FE765} = {9748292D-BD89-49F0-971B-BBE9485FE765}
	EndProjectSection
EndProject
Project("{8BC9CEB8-8B4A-11D0-8D11-00A0C91BC942}") = "ZERO_CHECK", "ZERO_CHECK.vcxproj", "{9748292D-BD89-49F0-971B-BBE9485FE765}"
	ProjectSection(ProjectDependencies) = postProject
	EndProjectSection
EndProject
Project("{8BC9CEB8-8B4A-11D0-8D11-00A0C91BC942}") = "main", "test\main.vcxproj", "{C689D613-8A09-4C21-9BEC-91D75D7F2B98}"
	ProjectSection(ProjectDependencies) = postProject
		{F36AE0B2-A53A-428A-8149-247807B2BFDF} = {F36AE0B2-A53A-428A-8149-247807B2BFDF}
		{57F80EDC-7918-4F4D-A32A-B17B92AE476C} = {57F80EDC-7918-4F4D-A32A-B17B92AE476C}
		{23B1C1F3-04B4-4CB8-B23B-B6CFA0B92796} = {23B1C1F3-04B4-4CB8-B23B-B6CFA0B92796}
		{4DD0F72E-62C6-4F05-ACA9-62843CEDF07A} = {4DD0F72E-62C6-4F05-ACA9-62843CEDF07A}
		{8FA5AB5C-1376-49CA-A5CD-A5891CAFADFC} = {8FA5AB5C-1376-49CA-A5CD-A5891CAFADFC}
		{A445BAC5-849B-4F3A-B936-00FE2C807708} = {A445BAC5-849B-4F3A-B936-00FE2C807708}
		{9748292D-BD89-49F0-971B-BBE9485FE765} = {9748292D-BD89-49F0-971B-BBE9485FE765}
	EndProjectSection
EndProject
Global
	GlobalSection(SolutionConfigurationPlatforms) = preSolution
		Debug|Win32 = Debug|Win32
		Release|Win32 = Release|Win32
		MinSizeRel|Win32 = MinSizeRel|Win32
		RelWithDebInfo|Win32 = RelWithDebInfo|Win32
	EndGlobalSection
	GlobalSection(ProjectConfigurationPlatforms) = postSolution
		{0962CEBF-1C35-4038-AB3F-EB39AC5A5489}.Debug|Win32.ActiveCfg = Debug|Win32
		{0962CEBF-1C35-4038-AB3F-EB39AC5A5489}.Release|Win32.ActiveCfg = Release|Win32
		{0962CEBF-1C35-4038-AB3F-EB39AC5A5489}.MinSizeRel|Win32.ActiveCfg = MinSizeRel|Win32
		{0962CEBF-1C35-4038-AB3F-EB39AC5A5489}.RelWithDebInfo|Win32.ActiveCfg = RelWithDebInfo|Win32
		{A6C5CBDD-92C1-4AB6-B9C6-B8094E64354E}.Debug|Win32.ActiveCfg = Debug|Win32
		{A6C5CBDD-92C1-4AB6-B9C6-B8094E64354E}.Debug|Win32.Build.0 = Debug|Win32
		{A6C5CBDD-92C1-4AB6-B9C6-B8094E64354E}.Release|Win32.ActiveCfg = Release|Win32
		{A6C5CBDD-92C1-4AB6-B9C6-B8094E64354E}.Release|Win32.Build.0 = Release|Win32
		{A6C5CBDD-92C1-4AB6-B9C6-B8094E64354E}.MinSizeRel|Win32.ActiveCfg = MinSizeRel|Win32
		{A6C5CBDD-92C1-4AB6-B9C6-B8094E64354E}.MinSizeRel|Win32.Build.0 = MinSizeRel|Win32
		{A6C5CBDD-92C1-4AB6-B9C6-B8094E64354E}.RelWithDebInfo|Win32.ActiveCfg = RelWithDebInfo|Win32
		{A6C5CBDD-92C1-4AB6-B9C6-B8094E64354E}.RelWithDebInfo|Win32.Build.0 = RelWithDebInfo|Win32
		{F36AE0B2-A53A-428A-8149-247807B2BFDF}.Debug|Win32.ActiveCfg = Debug|Win32
		{F36AE0B2-A53A-428A-8149-247807B2BFDF}.Debug|Win32.Build.0 = Debug|Win32
		{F36AE0B2-A53A-428A-8149-247807B2BFDF}.Release|Win32.ActiveCfg = Release|Win32
		{F36AE0B2-A53A-428A-8149-247807B2BFDF}.Release|Win32.Build.0 = Release|Win32
		{F36AE0B2-A53A-428A-8149-247807B2BFDF}.MinSizeRel|Win32.ActiveCfg = MinSizeRel|Win32
		{F36AE0B2-A53A-428A-8149-247807B2BFDF}.MinSizeRel|Win32.Build.0 = MinSizeRel|Win32
		{F36AE0B2-A53A-428A-8149-247807B2BFDF}.RelWithDebInfo|Win32.ActiveCfg = RelWithDebInfo|Win32
		{F36AE0B2-A53A-428A-8149-247807B2BFDF}.RelWithDebInfo|Win32.Build.0 = RelWithDebInfo|Win32
		{57F80EDC-7918-4F4D-A32A-B17B92AE476C}.Debug|Win32.ActiveCfg = Debug|Win32
		{57F80EDC-7918-4F4D-A32A-B17B92AE476C}.Debug|Win32.Build.0 = Debug|Win32
		{57F80EDC-7918-4F4D-A32A-B17B92AE476C}.Release|Win32.ActiveCfg = Release|Win32
		{57F80EDC-7918-4F4D-A32A-B17B92AE476C}.Release|Win32.Build.0 = Release|Win32
		{57F80EDC-7918-4F4D-A32A-B17B92AE476C}.MinSizeRel|Win32.ActiveCfg = MinSizeRel|Win32
		{57F80EDC-7918-4F4D-A32A-B17B92AE476C}.MinSizeRel|Win32.Build.0 = MinSizeRel|Win32
		{57F80EDC-7918-4F4D-A32A-B17B92AE476C}.RelWithDebInfo|Win32.ActiveCfg = RelWithDebInfo|Win32
		{57F80EDC-7918-4F4D-A32A-B17B92AE476C}.RelWithDebInfo|Win32.Build.0 = RelWithDebInfo|Win32
		{23B1C1F3-04B4-4CB8-B23B-B6CFA0B92796}.Debug|Win32.ActiveCfg = Debug|Win32
		{23B1C1F3-04B4-4CB8-B23B-B6CFA0B92796}.Debug|Win32.Build.0 = Debug|Win32
		{23B1C1F3-04B4-4CB8-B23B-B6CFA0B92796}.Release|Win32.ActiveCfg = Release|Win32
		{23B1C1F3-04B4-4CB8-B23B-B6CFA0B92796}.Release|Win32.Build.0 = Release|Win32
		{23B1C1F3-04B4-4CB8-B23B-B6CFA0B92796}.MinSizeRel|Win32.ActiveCfg = MinSizeRel|Win32
		{23B1C1F3-04B4-4CB8-B23B-B6CFA0B92796}.MinSizeRel|Win32.Build.0 = MinSizeRel|Win32
		{23B1C1F3-04B4-4CB8-B23B-B6CFA0B92796}.RelWithDebInfo|Win32.ActiveCfg = RelWithDebInfo|Win32
		{23B1C1F3-04B4-4CB8-B23B-B6CFA0B92796}.RelWithDebInfo|Win32.Build.0 = RelWithDebInfo|Win32
		{4DD0F72E-62C6-4F05-ACA9-62843CEDF07A}.Debug|Win32.ActiveCfg = Debug|Win32
		{4DD0F72E-62C6-4F05-ACA9-62843CEDF07A}.Debug|Win32.Build.0 = Debug|Win32
		{4DD0F72E-62C6-4F05-ACA9-62843CEDF07A}.Release|Win32.ActiveCfg = Release|Win32
		{4DD0F72E-62C6-4F05-ACA9-62843CEDF07A}.Release|Win32.Build.0 = Release|Win32
		{4DD0F72E-62C6-4F05-ACA9-62843CEDF07A}.MinSizeRel|Win32.ActiveCfg = MinSizeRel|Win32
		{4DD0F72E-62C6-4F05-ACA9-62843CEDF07A}.MinSizeRel|Win32.Build.0 = MinSizeRel|Win32
		{4DD0F72E-62C6-4F05-ACA9-62843CEDF07A}.RelWithDebInfo|Win32.ActiveCfg = RelWithDebInfo|Win32
		{4DD0F72E-62C6-4F05-ACA9-62843CEDF07A}.RelWithDebInfo|Win32.Build.0 = RelWithDebInfo|Win32
		{8FA5AB5C-1376-49CA-A5CD-A5891CAFADFC}.Debug|Win32.ActiveCfg = Debug|Win32
		{8FA5AB5C-1376-49CA-A5CD-A5891CAFADFC}.Debug|Win32.Build.0 = Debug|Win32
		{8FA5AB5C-1376-49CA-A5CD-A5891CAFADFC}.Release|Win32.ActiveCfg = Release|Win32
		{8FA5AB5C-1376-49CA-A5CD-A5891CAFADFC}.Release|Win32.Build.0 = Release|Win32
		{8FA5AB5C-1376-49CA-A5CD-A5891CAFADFC}.MinSizeRel|Win32.ActiveCfg = MinSizeRel|Win32
		{8FA5AB5C-1376-49CA-A5CD-A5891CAFADFC}.MinSizeRel|Win32.Build.0 = MinSizeRel|Win32
		{8FA5AB5C-1376-49CA-A5CD-A5891CAFADFC}.RelWithDebInfo|Win32.ActiveCfg = RelWithDebInfo|Win32
		{8FA5AB5C-1376-49CA-A5CD-A5891CAFADFC}.RelWithDebInfo|Win32.Build.0 = RelWithDebInfo|Win32
		{A445BAC5-849B-4F3A-B936-00FE2C807708}.Debug|Win32.ActiveCfg = Debug|Win32
		{A445BAC5-849B-4F3A-B936-00FE2C807708}.Debug|Win32.Build.0 = Debug|Win32
		{A445BAC5-849B-4F3A-B936-00FE2C807708}.Release|Win32.ActiveCfg = Release|Win32
		{A445BAC5-849B-4F3A-B936-00FE2C807708}.Release|Win32.Build.0 = Release|Win32
		{A445BAC5-849B-4F3A-B936-00FE2C807708}.MinSizeRel|Win32.ActiveCfg = MinSizeRel|Win32
		{A445BAC5-849B-4F3A-B936-00FE2C807708}.MinSizeRel|Win32.Build.0 = MinSizeRel|Win32
		{A445BAC5-849B-4F3A-B936-00FE2C807708}.RelWithDebInfo|Win32.ActiveCfg = RelWithDebInfo|Win32
		{A445BAC5-849B-4F3A-B936-00FE2C807708}.RelWithDebInfo|Win32.Build.0 = RelWithDebInfo|Win32
		{9748292D-BD89-49F0-971B-BBE9485FE765}.Debug|Win32.ActiveCfg = Debug|Win32
		{9748292D-BD89-49F0-971B-BBE9485FE765}.Debug|Win32.Build.0 = Debug|Win32
		{9748292D-BD89-49F0-971B-BBE9485FE765}.Release|Win32.ActiveCfg = Release|Win32
		{9748292D-BD89-49F0-971B-BBE9485FE765}.Release|Win32.Build.0 = Release|Win32
		{9748292D-BD89-49F0-971B-BBE9485FE765}.MinSizeRel|Win32.ActiveCfg = MinSizeRel|Win32
		{9748292D-BD89-49F0-971B-BBE9485FE765}.MinSizeRel|Win32.Build.0 = MinSizeRel|Win32
		{9748292D-BD89-49F0-971B-BBE9485FE765}.RelWithDebInfo|Win32.ActiveCfg = RelWithDebInfo|Win32
		{9748292D-BD89-49F0-971B-BBE9485FE765}.RelWithDebInfo|Win32.Build.0 = RelWithDebInfo|Win32
		{C689D613-8A09-4C21-9BEC-91D75D7F2B98}.Debug|Win32.ActiveCfg = Debug|Win32
		{C689D613-8A09-4C21-9BEC-91D75D7F2B98}.Debug|Win32.Build.0 = Debug|Win32
		{C689D613-8A09-4C21-9BEC-91D75D7F2B98}.Release|Win32.ActiveCfg = Release|Win32
		{C689D613-8A09-4C21-9BEC-91D75D7F2B98}.Release|Win32.Build.0 = Release|Win32
		{C689D613-8A09-4C21-9BEC-91D75D7F2B98}.MinSizeRel|Win32.ActiveCfg = MinSizeRel|Win32
		{C689D613-8A09-4C21-9BEC-91D75D7F2B98}.MinSizeRel|Win32.Build.0 = MinSizeRel|Win32
		{C689D613-8A09-4C21-9BEC-91D75D7F2B98}.RelWithDebInfo|Win32.ActiveCfg = RelWithDebInfo|Win32
		{C689D613-8A09-4C21-9BEC-91D75D7F2B98}.RelWithDebInfo|Win32.Build.0 = RelWithDebInfo|Win32
	EndGlobalSection
	GlobalSection(ExtensibilityGlobals) = postSolution
	EndGlobalSection
	GlobalSection(ExtensibilityAddIns) = postSolution
	EndGlobalSection
EndGlobal
