<?xml version="1.0" encoding="UTF-8"?>
<Project ToolsVersion="4.0" xmlns="http://schemas.microsoft.com/developer/msbuild/2003">
  <ItemGroup>
    <ClCompile Include="Z:\work\audio-module\system_wrappers\source\aligned_malloc.cc">
      <Filter>Source Files</Filter>
    </ClCompile>
    <ClCompile Include="Z:\work\audio-module\system_wrappers\source\atomic32_mac.cc">
      <Filter>Source Files</Filter>
    </ClCompile>
    <ClCompile Include="Z:\work\audio-module\system_wrappers\source\clock.cc">
      <Filter>Source Files</Filter>
    </ClCompile>
    <ClCompile Include="Z:\work\audio-module\system_wrappers\source\condition_variable.cc">
      <Filter>Source Files</Filter>
    </ClCompile>
    <ClCompile Include="Z:\work\audio-module\system_wrappers\source\condition_variable_posix.cc">
      <Filter>Source Files</Filter>
    </ClCompile>
    <ClCompile Include="Z:\work\audio-module\system_wrappers\source\cpu_features.cc">
      <Filter>Source Files</Filter>
    </ClCompile>
    <ClCompile Include="Z:\work\audio-module\system_wrappers\source\cpu_info.cc">
      <Filter>Source Files</Filter>
    </ClCompile>
    <ClCompile Include="Z:\work\audio-module\system_wrappers\source\critical_section.cc">
      <Filter>Source Files</Filter>
    </ClCompile>
    <ClCompile Include="Z:\work\audio-module\system_wrappers\source\critical_section_posix.cc">
      <Filter>Source Files</Filter>
    </ClCompile>
    <ClCompile Include="Z:\work\audio-module\system_wrappers\source\data_log_c.cc">
      <Filter>Source Files</Filter>
    </ClCompile>
    <ClCompile Include="Z:\work\audio-module\system_wrappers\source\event.cc">
      <Filter>Source Files</Filter>
    </ClCompile>
    <ClCompile Include="Z:\work\audio-module\system_wrappers\source\event_timer_posix.cc">
      <Filter>Source Files</Filter>
    </ClCompile>
    <ClCompile Include="Z:\work\audio-module\system_wrappers\source\event_tracer.cc">
      <Filter>Source Files</Filter>
    </ClCompile>
    <ClCompile Include="Z:\work\audio-module\system_wrappers\source\file_impl.cc">
      <Filter>Source Files</Filter>
    </ClCompile>
    <ClCompile Include="Z:\work\audio-module\system_wrappers\source\logging.cc">
      <Filter>Source Files</Filter>
    </ClCompile>
    <ClCompile Include="Z:\work\audio-module\system_wrappers\source\rtp_to_ntp.cc">
      <Filter>Source Files</Filter>
    </ClCompile>
    <ClCompile Include="Z:\work\audio-module\system_wrappers\source\rw_lock.cc">
      <Filter>Source Files</Filter>
    </ClCompile>
    <ClCompile Include="Z:\work\audio-module\system_wrappers\source\rw_lock_generic.cc">
      <Filter>Source Files</Filter>
    </ClCompile>
    <ClCompile Include="Z:\work\audio-module\system_wrappers\source\rw_lock_posix.cc">
      <Filter>Source Files</Filter>
    </ClCompile>
    <ClCompile Include="Z:\work\audio-module\system_wrappers\source\sleep.cc">
      <Filter>Source Files</Filter>
    </ClCompile>
    <ClCompile Include="Z:\work\audio-module\system_wrappers\source\sort.cc">
      <Filter>Source Files</Filter>
    </ClCompile>
    <ClCompile Include="Z:\work\audio-module\system_wrappers\source\thread.cc">
      <Filter>Source Files</Filter>
    </ClCompile>
    <ClCompile Include="Z:\work\audio-module\system_wrappers\source\thread_posix.cc">
      <Filter>Source Files</Filter>
    </ClCompile>
    <ClCompile Include="Z:\work\audio-module\system_wrappers\source\tick_util.cc">
      <Filter>Source Files</Filter>
    </ClCompile>
    <ClCompile Include="Z:\work\audio-module\system_wrappers\source\timestamp_extrapolator.cc">
      <Filter>Source Files</Filter>
    </ClCompile>
    <ClCompile Include="Z:\work\audio-module\system_wrappers\source\trace_impl.cc">
      <Filter>Source Files</Filter>
    </ClCompile>
    <ClCompile Include="Z:\work\audio-module\system_wrappers\source\trace_posix.cc">
      <Filter>Source Files</Filter>
    </ClCompile>
    <ClCompile Include="Z:\work\audio-module\system_wrappers\source\data_log_no_op.cc">
      <Filter>Source Files</Filter>
    </ClCompile>
    <ClCompile Include="Z:\work\audio-module\system_wrappers\source\metrics_default.cc">
      <Filter>Source Files</Filter>
    </ClCompile>
  </ItemGroup>
  <ItemGroup>
    <ClInclude Include="Z:\work\audio-module\system_wrappers\interface\aligned_array.h">
      <Filter>Header Files</Filter>
    </ClInclude>
    <ClInclude Include="Z:\work\audio-module\system_wrappers\interface\aligned_malloc.h">
      <Filter>Header Files</Filter>
    </ClInclude>
    <ClInclude Include="Z:\work\audio-module\system_wrappers\interface\atomic32.h">
      <Filter>Header Files</Filter>
    </ClInclude>
    <ClInclude Include="Z:\work\audio-module\system_wrappers\interface\clock.h">
      <Filter>Header Files</Filter>
    </ClInclude>
    <ClInclude Include="Z:\work\audio-module\system_wrappers\interface\condition_variable_wrapper.h">
      <Filter>Header Files</Filter>
    </ClInclude>
    <ClInclude Include="Z:\work\audio-module\system_wrappers\interface\cpu_features_wrapper.h">
      <Filter>Header Files</Filter>
    </ClInclude>
    <ClInclude Include="Z:\work\audio-module\system_wrappers\interface\cpu_info.h">
      <Filter>Header Files</Filter>
    </ClInclude>
    <ClInclude Include="Z:\work\audio-module\system_wrappers\interface\critical_section_wrapper.h">
      <Filter>Header Files</Filter>
    </ClInclude>
    <ClInclude Include="Z:\work\audio-module\system_wrappers\interface\data_log.h">
      <Filter>Header Files</Filter>
    </ClInclude>
    <ClInclude Include="Z:\work\audio-module\system_wrappers\interface\data_log_c.h">
      <Filter>Header Files</Filter>
    </ClInclude>
    <ClInclude Include="Z:\work\audio-module\system_wrappers\interface\data_log_impl.h">
      <Filter>Header Files</Filter>
    </ClInclude>
    <ClInclude Include="Z:\work\audio-module\system_wrappers\interface\event_tracer.h">
      <Filter>Header Files</Filter>
    </ClInclude>
    <ClInclude Include="Z:\work\audio-module\system_wrappers\interface\event_wrapper.h">
      <Filter>Header Files</Filter>
    </ClInclude>
    <ClInclude Include="Z:\work\audio-module\system_wrappers\interface\field_trial.h">
      <Filter>Header Files</Filter>
    </ClInclude>
    <ClInclude Include="Z:\work\audio-module\system_wrappers\interface\file_wrapper.h">
      <Filter>Header Files</Filter>
    </ClInclude>
    <ClInclude Include="Z:\work\audio-module\system_wrappers\interface\fix_interlocked_exchange_pointer_win.h">
      <Filter>Header Files</Filter>
    </ClInclude>
    <ClInclude Include="Z:\work\audio-module\system_wrappers\interface\logging.h">
      <Filter>Header Files</Filter>
    </ClInclude>
    <ClInclude Include="Z:\work\audio-module\system_wrappers\interface\metrics.h">
      <Filter>Header Files</Filter>
    </ClInclude>
    <ClInclude Include="Z:\work\audio-module\system_wrappers\interface\ref_count.h">
      <Filter>Header Files</Filter>
    </ClInclude>
    <ClInclude Include="Z:\work\audio-module\system_wrappers\interface\rtp_to_ntp.h">
      <Filter>Header Files</Filter>
    </ClInclude>
    <ClInclude Include="Z:\work\audio-module\system_wrappers\interface\rw_lock_wrapper.h">
      <Filter>Header Files</Filter>
    </ClInclude>
    <ClInclude Include="Z:\work\audio-module\system_wrappers\interface\scoped_vector.h">
      <Filter>Header Files</Filter>
    </ClInclude>
    <ClInclude Include="Z:\work\audio-module\system_wrappers\interface\sleep.h">
      <Filter>Header Files</Filter>
    </ClInclude>
    <ClInclude Include="Z:\work\audio-module\system_wrappers\interface\sort.h">
      <Filter>Header Files</Filter>
    </ClInclude>
    <ClInclude Include="Z:\work\audio-module\system_wrappers\interface\static_instance.h">
      <Filter>Header Files</Filter>
    </ClInclude>
    <ClInclude Include="Z:\work\audio-module\system_wrappers\interface\stl_util.h">
      <Filter>Header Files</Filter>
    </ClInclude>
    <ClInclude Include="Z:\work\audio-module\system_wrappers\interface\stringize_macros.h">
      <Filter>Header Files</Filter>
    </ClInclude>
    <ClInclude Include="Z:\work\audio-module\system_wrappers\interface\thread_wrapper.h">
      <Filter>Header Files</Filter>
    </ClInclude>
    <ClInclude Include="Z:\work\audio-module\system_wrappers\interface\tick_util.h">
      <Filter>Header Files</Filter>
    </ClInclude>
    <ClInclude Include="Z:\work\audio-module\system_wrappers\interface\timestamp_extrapolator.h">
      <Filter>Header Files</Filter>
    </ClInclude>
    <ClInclude Include="Z:\work\audio-module\system_wrappers\interface\trace.h">
      <Filter>Header Files</Filter>
    </ClInclude>
    <ClInclude Include="Z:\work\audio-module\system_wrappers\interface\trace_event.h">
      <Filter>Header Files</Filter>
    </ClInclude>
    <ClInclude Include="Z:\work\audio-module\system_wrappers\interface\utf_util_win.h">
      <Filter>Header Files</Filter>
    </ClInclude>
    <ClInclude Include="Z:\work\audio-module\system_wrappers\source\condition_variable_posix.h">
      <Filter>Header Files</Filter>
    </ClInclude>
    <ClInclude Include="Z:\work\audio-module\system_wrappers\source\critical_section_posix.h">
      <Filter>Header Files</Filter>
    </ClInclude>
    <ClInclude Include="Z:\work\audio-module\system_wrappers\source\event_timer_posix.h">
      <Filter>Header Files</Filter>
    </ClInclude>
    <ClInclude Include="Z:\work\audio-module\system_wrappers\source\file_impl.h">
      <Filter>Header Files</Filter>
    </ClInclude>
    <ClInclude Include="Z:\work\audio-module\system_wrappers\source\rw_lock_generic.h">
      <Filter>Header Files</Filter>
    </ClInclude>
    <ClInclude Include="Z:\work\audio-module\system_wrappers\source\rw_lock_posix.h">
      <Filter>Header Files</Filter>
    </ClInclude>
    <ClInclude Include="Z:\work\audio-module\system_wrappers\source\thread_posix.h">
      <Filter>Header Files</Filter>
    </ClInclude>
    <ClInclude Include="Z:\work\audio-module\system_wrappers\source\trace_impl.h">
      <Filter>Header Files</Filter>
    </ClInclude>
    <ClInclude Include="Z:\work\audio-module\system_wrappers\source\trace_posix.h">
      <Filter>Header Files</Filter>
    </ClInclude>
  </ItemGroup>
  <ItemGroup>
    <CustomBuild Include="Z:\work\audio-module\system_wrappers\CMakeLists.txt" />
  </ItemGroup>
  <ItemGroup>
    <Filter Include="Source Files">
      <UniqueIdentifier>{40164A58-12EF-444D-AABB-AD3E40CEB796}</UniqueIdentifier>
    </Filter>
    <Filter Include="Header Files">
      <UniqueIdentifier>{F3A20527-007F-49E3-A606-7BA8B0E18827}</UniqueIdentifier>
    </Filter>
  </ItemGroup>
</Project>
